
Microsoft Visual Studio Solution File, Format Version 12.00
# Visual Studio Version 16
VisualStudioVersion = 16.0.31313.79
MinimumVisualStudioVersion = 10.0.40219.1
Project("{9A19103F-16F7-4668-BE54-9A1E7A4F7556}") = "ProducerServer", "ProducerServer\ProducerServer.csproj", "{C80CC0CC-78D6-47AF-AB38-D23031453BAF}"
EndProject
Project("{9A19103F-16F7-4668-BE54-9A1E7A4F7556}") = "ConsumerServer", "ConsumerServer\ConsumerServer.csproj", "{BE6832FE-C4DE-46A2-82A8-D6FA71827CCF}"
EndProject
Project("{9A19103F-16F7-4668-BE54-9A1E7A4F7556}") = "BrokerServer", "BrokerServer\BrokerServer.csproj", "{6F47C5E5-80C5-4CA8-9372-CBD0D85C1FC9}"
EndProject
Project("{FAE04EC0-301F-11D3-BF4B-00C04F79EFBC}") = "NIOSocketSolution", "NIOSocketSolution\NIOSocketSolution.csproj", "{A2B7F224-298E-4FC6-AE49-39917AE08CFE}"
EndProject
Global
	GlobalSection(SolutionConfigurationPlatforms) = preSolution
		Debug|Any CPU = Debug|Any CPU
		Release|Any CPU = Release|Any CPU
	EndGlobalSection
	GlobalSection(ProjectConfigurationPlatforms) = postSolution
		{C80CC0CC-78D6-47AF-AB38-D23031453BAF}.Debug|Any CPU.ActiveCfg = Debug|Any CPU
		{C80CC0CC-78D6-47AF-AB38-D23031453BAF}.Debug|Any CPU.Build.0 = Debug|Any CPU
		{C80CC0CC-78D6-47AF-AB38-D23031453BAF}.Release|Any CPU.ActiveCfg = Release|Any CPU
		{C80CC0CC-78D6-47AF-AB38-D23031453BAF}.Release|Any CPU.Build.0 = Release|Any CPU
		{BE6832FE-C4DE-46A2-82A8-D6FA71827CCF}.Debug|Any CPU.ActiveCfg = Debug|Any CPU
		{BE6832FE-C4DE-46A2-82A8-D6FA71827CCF}.Debug|Any CPU.Build.0 = Debug|Any CPU
		{BE6832FE-C4DE-46A2-82A8-D6FA71827CCF}.Release|Any CPU.ActiveCfg = Release|Any CPU
		{BE6832FE-C4DE-46A2-82A8-D6FA71827CCF}.Release|Any CPU.Build.0 = Release|Any CPU
		{6F47C5E5-80C5-4CA8-9372-CBD0D85C1FC9}.Debug|Any CPU.ActiveCfg = Debug|Any CPU
		{6F47C5E5-80C5-4CA8-9372-CBD0D85C1FC9}.Debug|Any CPU.Build.0 = Debug|Any CPU
		{6F47C5E5-80C5-4CA8-9372-CBD0D85C1FC9}.Release|Any CPU.ActiveCfg = Release|Any CPU
		{6F47C5E5-80C5-4CA8-9372-CBD0D85C1FC9}.Release|Any CPU.Build.0 = Release|Any CPU
		{A2B7F224-298E-4FC6-AE49-39917AE08CFE}.Debug|Any CPU.ActiveCfg = Debug|Any CPU
		{A2B7F224-298E-4FC6-AE49-39917AE08CFE}.Debug|Any CPU.Build.0 = Debug|Any CPU
		{A2B7F224-298E-4FC6-AE49-39917AE08CFE}.Release|Any CPU.ActiveCfg = Release|Any CPU
		{A2B7F224-298E-4FC6-AE49-39917AE08CFE}.Release|Any CPU.Build.0 = Release|Any CPU
	EndGlobalSection
	GlobalSection(SolutionProperties) = preSolution
		HideSolutionNode = FALSE
	EndGlobalSection
	GlobalSection(ExtensibilityGlobals) = postSolution
		SolutionGuid = {0B5FE0CE-5D5C-4A36-A78D-EF6A365D0052}
	EndGlobalSection
EndGlobal
